
Microsoft Visual Studio Solution File, Format Version 12.00
# Visual Studio Version 16
VisualStudioVersion = 16.0.29709.97
MinimumVisualStudioVersion = 10.0.40219.1
Project("{8BC9CEB8-8B4A-11D0-8D11-00A0C91BC942}") = "ToteBet", "ToteBet.vcxproj", "{412B3650-E287-4BD7-89A6-C172A02C9255}"
EndProject
Global
	GlobalSection(SolutionConfigurationPlatforms) = preSolution
		Debug|x64 = Debug|x64
		Debug|x86 = Debug|x86
		Release|x64 = Release|x64
		Release|x86 = Release|x86
	EndGlobalSection
	GlobalSection(ProjectConfigurationPlatforms) = postSolution
		{412B3650-E287-4BD7-89A6-C172A02C9255}.Debug|x64.ActiveCfg = Debug|x64
		{412B3650-E287-4BD7-89A6-C172A02C9255}.Debug|x64.Build.0 = Debug|x64
		{412B3650-E287-4BD7-89A6-C172A02C9255}.Debug|x86.ActiveCfg = Debug|Win32
		{412B3650-E287-4BD7-89A6-C172A02C9255}.Debug|x86.Build.0 = Debug|Win32
		{412B3650-E287-4BD7-89A6-C172A02C9255}.Release|x64.ActiveCfg = Release|x64
		{412B3650-E287-4BD7-89A6-C172A02C9255}.Release|x64.Build.0 = Release|x64
		{412B3650-E287-4BD7-89A6-C172A02C9255}.Release|x86.ActiveCfg = Release|Win32
		{412B3650-E287-4BD7-89A6-C172A02C9255}.Release|x86.Build.0 = Release|Win32
	EndGlobalSection
	GlobalSection(SolutionProperties) = preSolution
		HideSolutionNode = FALSE
	EndGlobalSection
	GlobalSection(ExtensibilityGlobals) = postSolution
		SolutionGuid = {8833A17D-E971-4BDD-A1E8-BB4CB578D032}
	EndGlobalSection
EndGlobal
